
Microsoft Visual Studio Solution File, Format Version 12.00
# Visual Studio Version 17
VisualStudioVersion = 17.9.34728.123
MinimumVisualStudioVersion = 10.0.40219.1
Project("{FAE04EC0-301F-11D3-BF4B-00C04F79EFBC}") = "assignment", "assignment\assignment.csproj", "{654E9302-D427-416D-AB21-C75E09C684EA}"
EndProject
Global
	GlobalSection(SolutionConfigurationPlatforms) = preSolution
		Debug|Any CPU = Debug|Any CPU
		Release|Any CPU = Release|Any CPU
	EndGlobalSection
	GlobalSection(ProjectConfigurationPlatforms) = postSolution
		{654E9302-D427-416D-AB21-C75E09C684EA}.Debug|Any CPU.ActiveCfg = Debug|Any CPU
		{654E9302-D427-416D-AB21-C75E09C684EA}.Debug|Any CPU.Build.0 = Debug|Any CPU
		{654E9302-D427-416D-AB21-C75E09C684EA}.Release|Any CPU.ActiveCfg = Release|Any CPU
		{654E9302-D427-416D-AB21-C75E09C684EA}.Release|Any CPU.Build.0 = Release|Any CPU
	EndGlobalSection
	GlobalSection(SolutionProperties) = preSolution
		HideSolutionNode = FALSE
	EndGlobalSection
	GlobalSection(ExtensibilityGlobals) = postSolution
		SolutionGuid = {25FB1906-F5D8-4701-A74A-20F785544438}
	EndGlobalSection
EndGlobal
